// !$*UTF8*$!
{
	archiveVersion = 1;
	classes = {
	};
	objectVersion = 56;
	objects = {

/* Begin PBXBuildFile section */
		6403DDF42A6A788E00E681F8 /* _3_swift_todoApp.swift in Sources */ = {isa = PBXBuildFile; fileRef = 6403DDF32A6A788E00E681F8 /* _3_swift_todoApp.swift */; };
		6403DDF62A6A788E00E681F8 /* MainView.swift in Sources */ = {isa = PBXBuildFile; fileRef = 6403DDF52A6A788E00E681F8 /* MainView.swift */; };
		6403DDF82A6A789000E681F8 /* Assets.xcassets in Resources */ = {isa = PBXBuildFile; fileRef = 6403DDF72A6A789000E681F8 /* Assets.xcassets */; };
		6403DDFC2A6A789000E681F8 /* Preview Assets.xcassets in Resources */ = {isa = PBXBuildFile; fileRef = 6403DDFB2A6A789000E681F8 /* Preview Assets.xcassets */; };
		6403DE042A6A7A0600E681F8 /* FirebaseAuth in Frameworks */ = {isa = PBXBuildFile; productRef = 6403DE032A6A7A0600E681F8 /* FirebaseAuth */; };
		6403DE062A6A7A0600E681F8 /* FirebaseFirestore in Frameworks */ = {isa = PBXBuildFile; productRef = 6403DE052A6A7A0600E681F8 /* FirebaseFirestore */; };
		6403DE082A6A7A0600E681F8 /* FirebaseFirestoreSwift in Frameworks */ = {isa = PBXBuildFile; productRef = 6403DE072A6A7A0600E681F8 /* FirebaseFirestoreSwift */; };
		6403DE0A2A6A828200E681F8 /* GoogleService-Info.plist in Resources */ = {isa = PBXBuildFile; fileRef = 6403DE092A6A828200E681F8 /* GoogleService-Info.plist */; };
		64A951C52A6AF16A0090295C /* ProfileView.swift in Sources */ = {isa = PBXBuildFile; fileRef = 64A951C42A6AF16A0090295C /* ProfileView.swift */; };
		64A951C72A6AF1790090295C /* ToDoListView.swift in Sources */ = {isa = PBXBuildFile; fileRef = 64A951C62A6AF1790090295C /* ToDoListView.swift */; };
		64A951C92A6C169F0090295C /* NewItemView.swift in Sources */ = {isa = PBXBuildFile; fileRef = 64A951C82A6C169F0090295C /* NewItemView.swift */; };
		64A951CB2A6C16EC0090295C /* LoginView.swift in Sources */ = {isa = PBXBuildFile; fileRef = 64A951CA2A6C16EC0090295C /* LoginView.swift */; };
		64A951CD2A6C17280090295C /* RegisterView.swift in Sources */ = {isa = PBXBuildFile; fileRef = 64A951CC2A6C17280090295C /* RegisterView.swift */; };
		64A951CF2A6C173C0090295C /* ToDoListItemView.swift in Sources */ = {isa = PBXBuildFile; fileRef = 64A951CE2A6C173C0090295C /* ToDoListItemView.swift */; };
		64A951D12A6C17790090295C /* User.swift in Sources */ = {isa = PBXBuildFile; fileRef = 64A951D02A6C17790090295C /* User.swift */; };
		64A951D32A6C17B20090295C /* ToDoListItem.swift in Sources */ = {isa = PBXBuildFile; fileRef = 64A951D22A6C17B20090295C /* ToDoListItem.swift */; };
		64A951D52A6C17CB0090295C /* MainViewViewModel.swift in Sources */ = {isa = PBXBuildFile; fileRef = 64A951D42A6C17CB0090295C /* MainViewViewModel.swift */; };
		64A951D72A6C17DD0090295C /* ProfileViewViewModel.swift in Sources */ = {isa = PBXBuildFile; fileRef = 64A951D62A6C17DD0090295C /* ProfileViewViewModel.swift */; };
		64A951D92A6C17EA0090295C /* ToDoListViewViewModel.swift in Sources */ = {isa = PBXBuildFile; fileRef = 64A951D82A6C17EA0090295C /* ToDoListViewViewModel.swift */; };
		64A951DD2A6C182D0090295C /* NewItemViewViewModel.swift in Sources */ = {isa = PBXBuildFile; fileRef = 64A951DC2A6C182D0090295C /* NewItemViewViewModel.swift */; };
		64A951DF2A6C183C0090295C /* LoginViewViewModel.swift in Sources */ = {isa = PBXBuildFile; fileRef = 64A951DE2A6C183C0090295C /* LoginViewViewModel.swift */; };
		64A951E12A6C184D0090295C /* RegisterViewViewModel.swift in Sources */ = {isa = PBXBuildFile; fileRef = 64A951E02A6C184D0090295C /* RegisterViewViewModel.swift */; };
		64A951E32A6C185F0090295C /* ToDoListItemViewViewModel.swift in Sources */ = {isa = PBXBuildFile; fileRef = 64A951E22A6C185F0090295C /* ToDoListItemViewViewModel.swift */; };
/* End PBXBuildFile section */

/* Begin PBXFileReference section */
		6403DDF02A6A788E00E681F8 /* 13-swift-todo.app */ = {isa = PBXFileReference; explicitFileType = wrapper.application; includeInIndex = 0; path = "13-swift-todo.app"; sourceTree = BUILT_PRODUCTS_DIR; };
		6403DDF32A6A788E00E681F8 /* _3_swift_todoApp.swift */ = {isa = PBXFileReference; lastKnownFileType = sourcecode.swift; path = _3_swift_todoApp.swift; sourceTree = "<group>"; };
		6403DDF52A6A788E00E681F8 /* MainView.swift */ = {isa = PBXFileReference; lastKnownFileType = sourcecode.swift; path = MainView.swift; sourceTree = "<group>"; };
		6403DDF72A6A789000E681F8 /* Assets.xcassets */ = {isa = PBXFileReference; lastKnownFileType = folder.assetcatalog; path = Assets.xcassets; sourceTree = "<group>"; };
		6403DDF92A6A789000E681F8 /* _3_swift_todo.entitlements */ = {isa = PBXFileReference; lastKnownFileType = text.plist.entitlements; path = _3_swift_todo.entitlements; sourceTree = "<group>"; };
		6403DDFB2A6A789000E681F8 /* Preview Assets.xcassets */ = {isa = PBXFileReference; lastKnownFileType = folder.assetcatalog; path = "Preview Assets.xcassets"; sourceTree = "<group>"; };
		6403DE092A6A828200E681F8 /* GoogleService-Info.plist */ = {isa = PBXFileReference; fileEncoding = 4; lastKnownFileType = text.plist.xml; path = "GoogleService-Info.plist"; sourceTree = "<group>"; };
		64A951C42A6AF16A0090295C /* ProfileView.swift */ = {isa = PBXFileReference; lastKnownFileType = sourcecode.swift; path = ProfileView.swift; sourceTree = "<group>"; };
		64A951C62A6AF1790090295C /* ToDoListView.swift */ = {isa = PBXFileReference; lastKnownFileType = sourcecode.swift; path = ToDoListView.swift; sourceTree = "<group>"; };
		64A951C82A6C169F0090295C /* NewItemView.swift */ = {isa = PBXFileReference; lastKnownFileType = sourcecode.swift; path = NewItemView.swift; sourceTree = "<group>"; };
		64A951CA2A6C16EC0090295C /* LoginView.swift */ = {isa = PBXFileReference; lastKnownFileType = sourcecode.swift; path = LoginView.swift; sourceTree = "<group>"; };
		64A951CC2A6C17280090295C /* RegisterView.swift */ = {isa = PBXFileReference; lastKnownFileType = sourcecode.swift; path = RegisterView.swift; sourceTree = "<group>"; };
		64A951CE2A6C173C0090295C /* ToDoListItemView.swift */ = {isa = PBXFileReference; lastKnownFileType = sourcecode.swift; path = ToDoListItemView.swift; sourceTree = "<group>"; };
		64A951D02A6C17790090295C /* User.swift */ = {isa = PBXFileReference; lastKnownFileType = sourcecode.swift; path = User.swift; sourceTree = "<group>"; };
		64A951D22A6C17B20090295C /* ToDoListItem.swift */ = {isa = PBXFileReference; lastKnownFileType = sourcecode.swift; path = ToDoListItem.swift; sourceTree = "<group>"; };
		64A951D42A6C17CB0090295C /* MainViewViewModel.swift */ = {isa = PBXFileReference; lastKnownFileType = sourcecode.swift; path = MainViewViewModel.swift; sourceTree = "<group>"; };
		64A951D62A6C17DD0090295C /* ProfileViewViewModel.swift */ = {isa = PBXFileReference; lastKnownFileType = sourcecode.swift; path = ProfileViewViewModel.swift; sourceTree = "<group>"; };
		64A951D82A6C17EA0090295C /* ToDoListViewViewModel.swift */ = {isa = PBXFileReference; lastKnownFileType = sourcecode.swift; path = ToDoListViewViewModel.swift; sourceTree = "<group>"; };
		64A951DC2A6C182D0090295C /* NewItemViewViewModel.swift */ = {isa = PBXFileReference; lastKnownFileType = sourcecode.swift; path = NewItemViewViewModel.swift; sourceTree = "<group>"; };
		64A951DE2A6C183C0090295C /* LoginViewViewModel.swift */ = {isa = PBXFileReference; lastKnownFileType = sourcecode.swift; path = LoginViewViewModel.swift; sourceTree = "<group>"; };
		64A951E02A6C184D0090295C /* RegisterViewViewModel.swift */ = {isa = PBXFileReference; lastKnownFileType = sourcecode.swift; path = RegisterViewViewModel.swift; sourceTree = "<group>"; };
		64A951E22A6C185F0090295C /* ToDoListItemViewViewModel.swift */ = {isa = PBXFileReference; lastKnownFileType = sourcecode.swift; path = ToDoListItemViewViewModel.swift; sourceTree = "<group>"; };
/* End PBXFileReference section */

/* Begin PBXFrameworksBuildPhase section */
		6403DDED2A6A788E00E681F8 /* Frameworks */ = {
			isa = PBXFrameworksBuildPhase;
			buildActionMask = 2147483647;
			files = (
				6403DE042A6A7A0600E681F8 /* FirebaseAuth in Frameworks */,
				6403DE062A6A7A0600E681F8 /* FirebaseFirestore in Frameworks */,
				6403DE082A6A7A0600E681F8 /* FirebaseFirestoreSwift in Frameworks */,
			);
			runOnlyForDeploymentPostprocessing = 0;
		};
/* End PBXFrameworksBuildPhase section */

/* Begin PBXGroup section */
		6403DDE72A6A788E00E681F8 = {
			isa = PBXGroup;
			children = (
				6403DDF22A6A788E00E681F8 /* 13-swift-todo */,
				6403DDF12A6A788E00E681F8 /* Products */,
			);
			sourceTree = "<group>";
		};
		6403DDF12A6A788E00E681F8 /* Products */ = {
			isa = PBXGroup;
			children = (
				6403DDF02A6A788E00E681F8 /* 13-swift-todo.app */,
			);
			name = Products;
			sourceTree = "<group>";
		};
		6403DDF22A6A788E00E681F8 /* 13-swift-todo */ = {
			isa = PBXGroup;
			children = (
				64A951C32A6AEAF40090295C /* Other */,
				64A951C22A6AEAEC0090295C /* Models */,
				64A951C12A6AEAE10090295C /* ViewModels */,
				64A951C02A6AEAD70090295C /* Views */,
				6403DDF92A6A789000E681F8 /* _3_swift_todo.entitlements */,
				6403DDFA2A6A789000E681F8 /* Preview Content */,
			);
			path = "13-swift-todo";
			sourceTree = "<group>";
		};
		6403DDFA2A6A789000E681F8 /* Preview Content */ = {
			isa = PBXGroup;
			children = (
				6403DDFB2A6A789000E681F8 /* Preview Assets.xcassets */,
			);
			path = "Preview Content";
			sourceTree = "<group>";
		};
		64A951C02A6AEAD70090295C /* Views */ = {
			isa = PBXGroup;
			children = (
				6403DDF52A6A788E00E681F8 /* MainView.swift */,
				64A951C42A6AF16A0090295C /* ProfileView.swift */,
				64A951C62A6AF1790090295C /* ToDoListView.swift */,
				64A951C82A6C169F0090295C /* NewItemView.swift */,
				64A951CA2A6C16EC0090295C /* LoginView.swift */,
				64A951CC2A6C17280090295C /* RegisterView.swift */,
				64A951CE2A6C173C0090295C /* ToDoListItemView.swift */,
			);
			path = Views;
			sourceTree = "<group>";
		};
		64A951C12A6AEAE10090295C /* ViewModels */ = {
			isa = PBXGroup;
			children = (
				64A951D42A6C17CB0090295C /* MainViewViewModel.swift */,
				64A951D62A6C17DD0090295C /* ProfileViewViewModel.swift */,
				64A951D82A6C17EA0090295C /* ToDoListViewViewModel.swift */,
				64A951DC2A6C182D0090295C /* NewItemViewViewModel.swift */,
				64A951DE2A6C183C0090295C /* LoginViewViewModel.swift */,
				64A951E02A6C184D0090295C /* RegisterViewViewModel.swift */,
				64A951E22A6C185F0090295C /* ToDoListItemViewViewModel.swift */,
			);
			path = ViewModels;
			sourceTree = "<group>";
		};
		64A951C22A6AEAEC0090295C /* Models */ = {
			isa = PBXGroup;
			children = (
				64A951D02A6C17790090295C /* User.swift */,
				64A951D22A6C17B20090295C /* ToDoListItem.swift */,
			);
			path = Models;
			sourceTree = "<group>";
		};
		64A951C32A6AEAF40090295C /* Other */ = {
			isa = PBXGroup;
			children = (
				6403DDF32A6A788E00E681F8 /* _3_swift_todoApp.swift */,
				6403DE092A6A828200E681F8 /* GoogleService-Info.plist */,
				6403DDF72A6A789000E681F8 /* Assets.xcassets */,
			);
			path = Other;
			sourceTree = "<group>";
		};
/* End PBXGroup section */

/* Begin PBXNativeTarget section */
		6403DDEF2A6A788E00E681F8 /* 13-swift-todo */ = {
			isa = PBXNativeTarget;
			buildConfigurationList = 6403DDFF2A6A789000E681F8 /* Build configuration list for PBXNativeTarget "13-swift-todo" */;
			buildPhases = (
				6403DDEC2A6A788E00E681F8 /* Sources */,
				6403DDED2A6A788E00E681F8 /* Frameworks */,
				6403DDEE2A6A788E00E681F8 /* Resources */,
			);
			buildRules = (
			);
			dependencies = (
			);
			name = "13-swift-todo";
			packageProductDependencies = (
				6403DE032A6A7A0600E681F8 /* FirebaseAuth */,
				6403DE052A6A7A0600E681F8 /* FirebaseFirestore */,
				6403DE072A6A7A0600E681F8 /* FirebaseFirestoreSwift */,
			);
			productName = "13-swift-todo";
			productReference = 6403DDF02A6A788E00E681F8 /* 13-swift-todo.app */;
			productType = "com.apple.product-type.application";
		};
/* End PBXNativeTarget section */

/* Begin PBXProject section */
		6403DDE82A6A788E00E681F8 /* Project object */ = {
			isa = PBXProject;
			attributes = {
				BuildIndependentTargetsInParallel = 1;
				LastSwiftUpdateCheck = 1420;
				LastUpgradeCheck = 1420;
				TargetAttributes = {
					6403DDEF2A6A788E00E681F8 = {
						CreatedOnToolsVersion = 14.2;
					};
				};
			};
			buildConfigurationList = 6403DDEB2A6A788E00E681F8 /* Build configuration list for PBXProject "13-swift-todo" */;
			compatibilityVersion = "Xcode 14.0";
			developmentRegion = en;
			hasScannedForEncodings = 0;
			knownRegions = (
				en,
				Base,
			);
			mainGroup = 6403DDE72A6A788E00E681F8;
			packageReferences = (
				6403DE022A6A7A0600E681F8 /* XCRemoteSwiftPackageReference "firebase-ios-sdk" */,
			);
			productRefGroup = 6403DDF12A6A788E00E681F8 /* Products */;
			projectDirPath = "";
			projectRoot = "";
			targets = (
				6403DDEF2A6A788E00E681F8 /* 13-swift-todo */,
			);
		};
/* End PBXProject section */

/* Begin PBXResourcesBuildPhase section */
		6403DDEE2A6A788E00E681F8 /* Resources */ = {
			isa = PBXResourcesBuildPhase;
			buildActionMask = 2147483647;
			files = (
				6403DDFC2A6A789000E681F8 /* Preview Assets.xcassets in Resources */,
				6403DDF82A6A789000E681F8 /* Assets.xcassets in Resources */,
				6403DE0A2A6A828200E681F8 /* GoogleService-Info.plist in Resources */,
			);
			runOnlyForDeploymentPostprocessing = 0;
		};
/* End PBXResourcesBuildPhase section */

/* Begin PBXSourcesBuildPhase section */
		6403DDEC2A6A788E00E681F8 /* Sources */ = {
			isa = PBXSourcesBuildPhase;
			buildActionMask = 2147483647;
			files = (
				64A951CB2A6C16EC0090295C /* LoginView.swift in Sources */,
				6403DDF62A6A788E00E681F8 /* MainView.swift in Sources */,
				64A951E12A6C184D0090295C /* RegisterViewViewModel.swift in Sources */,
				64A951D52A6C17CB0090295C /* MainViewViewModel.swift in Sources */,
				64A951C52A6AF16A0090295C /* ProfileView.swift in Sources */,
				64A951CD2A6C17280090295C /* RegisterView.swift in Sources */,
				64A951D72A6C17DD0090295C /* ProfileViewViewModel.swift in Sources */,
				64A951C72A6AF1790090295C /* ToDoListView.swift in Sources */,
				64A951D12A6C17790090295C /* User.swift in Sources */,
				64A951CF2A6C173C0090295C /* ToDoListItemView.swift in Sources */,
				64A951D92A6C17EA0090295C /* ToDoListViewViewModel.swift in Sources */,
				64A951DF2A6C183C0090295C /* LoginViewViewModel.swift in Sources */,
				6403DDF42A6A788E00E681F8 /* _3_swift_todoApp.swift in Sources */,
				64A951D32A6C17B20090295C /* ToDoListItem.swift in Sources */,
				64A951C92A6C169F0090295C /* NewItemView.swift in Sources */,
				64A951DD2A6C182D0090295C /* NewItemViewViewModel.swift in Sources */,
				64A951E32A6C185F0090295C /* ToDoListItemViewViewModel.swift in Sources */,
			);
			runOnlyForDeploymentPostprocessing = 0;
		};
/* End PBXSourcesBuildPhase section */

/* Begin XCBuildConfiguration section */
		6403DDFD2A6A789000E681F8 /* Debug */ = {
			isa = XCBuildConfiguration;
			buildSettings = {
				ALWAYS_SEARCH_USER_PATHS = NO;
				CLANG_ANALYZER_NONNULL = YES;
				CLANG_ANALYZER_NUMBER_OBJECT_CONVERSION = YES_AGGRESSIVE;
				CLANG_CXX_LANGUAGE_STANDARD = "gnu++20";
				CLANG_ENABLE_MODULES = YES;
				CLANG_ENABLE_OBJC_ARC = YES;
				CLANG_ENABLE_OBJC_WEAK = YES;
				CLANG_WARN_BLOCK_CAPTURE_AUTORELEASING = YES;
				CLANG_WARN_BOOL_CONVERSION = YES;
				CLANG_WARN_COMMA = YES;
				CLANG_WARN_CONSTANT_CONVERSION = YES;
				CLANG_WARN_DEPRECATED_OBJC_IMPLEMENTATIONS = YES;
				CLANG_WARN_DIRECT_OBJC_ISA_USAGE = YES_ERROR;
				CLANG_WARN_DOCUMENTATION_COMMENTS = YES;
				CLANG_WARN_EMPTY_BODY = YES;
				CLANG_WARN_ENUM_CONVERSION = YES;
				CLANG_WARN_INFINITE_RECURSION = YES;
				CLANG_WARN_INT_CONVERSION = YES;
				CLANG_WARN_NON_LITERAL_NULL_CONVERSION = YES;
				CLANG_WARN_OBJC_IMPLICIT_RETAIN_SELF = YES;
				CLANG_WARN_OBJC_LITERAL_CONVERSION = YES;
				CLANG_WARN_OBJC_ROOT_CLASS = YES_ERROR;
				CLANG_WARN_QUOTED_INCLUDE_IN_FRAMEWORK_HEADER = YES;
				CLANG_WARN_RANGE_LOOP_ANALYSIS = YES;
				CLANG_WARN_STRICT_PROTOTYPES = YES;
				CLANG_WARN_SUSPICIOUS_MOVE = YES;
				CLANG_WARN_UNGUARDED_AVAILABILITY = YES_AGGRESSIVE;
				CLANG_WARN_UNREACHABLE_CODE = YES;
				CLANG_WARN__DUPLICATE_METHOD_MATCH = YES;
				COPY_PHASE_STRIP = NO;
				DEBUG_INFORMATION_FORMAT = dwarf;
				ENABLE_STRICT_OBJC_MSGSEND = YES;
				ENABLE_TESTABILITY = YES;
				GCC_C_LANGUAGE_STANDARD = gnu11;
				GCC_DYNAMIC_NO_PIC = NO;
				GCC_NO_COMMON_BLOCKS = YES;
				GCC_OPTIMIZATION_LEVEL = 0;
				GCC_PREPROCESSOR_DEFINITIONS = (
					"DEBUG=1",
					"$(inherited)",
				);
				GCC_WARN_64_TO_32_BIT_CONVERSION = YES;
				GCC_WARN_ABOUT_RETURN_TYPE = YES_ERROR;
				GCC_WARN_UNDECLARED_SELECTOR = YES;
				GCC_WARN_UNINITIALIZED_AUTOS = YES_AGGRESSIVE;
				GCC_WARN_UNUSED_FUNCTION = YES;
				GCC_WARN_UNUSED_VARIABLE = YES;
				MTL_ENABLE_DEBUG_INFO = INCLUDE_SOURCE;
				MTL_FAST_MATH = YES;
				ONLY_ACTIVE_ARCH = YES;
				SWIFT_ACTIVE_COMPILATION_CONDITIONS = DEBUG;
				SWIFT_OPTIMIZATION_LEVEL = "-Onone";
			};
			name = Debug;
		};
		6403DDFE2A6A789000E681F8 /* Release */ = {
			isa = XCBuildConfiguration;
			buildSettings = {
				ALWAYS_SEARCH_USER_PATHS = NO;
				CLANG_ANALYZER_NONNULL = YES;
				CLANG_ANALYZER_NUMBER_OBJECT_CONVERSION = YES_AGGRESSIVE;
				CLANG_CXX_LANGUAGE_STANDARD = "gnu++20";
				CLANG_ENABLE_MODULES = YES;
				CLANG_ENABLE_OBJC_ARC = YES;
				CLANG_ENABLE_OBJC_WEAK = YES;
				CLANG_WARN_BLOCK_CAPTURE_AUTORELEASING = YES;
				CLANG_WARN_BOOL_CONVERSION = YES;
				CLANG_WARN_COMMA = YES;
				CLANG_WARN_CONSTANT_CONVERSION = YES;
				CLANG_WARN_DEPRECATED_OBJC_IMPLEMENTATIONS = YES;
				CLANG_WARN_DIRECT_OBJC_ISA_USAGE = YES_ERROR;
				CLANG_WARN_DOCUMENTATION_COMMENTS = YES;
				CLANG_WARN_EMPTY_BODY = YES;
				CLANG_WARN_ENUM_CONVERSION = YES;
				CLANG_WARN_INFINITE_RECURSION = YES;
				CLANG_WARN_INT_CONVERSION = YES;
				CLANG_WARN_NON_LITERAL_NULL_CONVERSION = YES;
				CLANG_WARN_OBJC_IMPLICIT_RETAIN_SELF = YES;
				CLANG_WARN_OBJC_LITERAL_CONVERSION = YES;
				CLANG_WARN_OBJC_ROOT_CLASS = YES_ERROR;
				CLANG_WARN_QUOTED_INCLUDE_IN_FRAMEWORK_HEADER = YES;
				CLANG_WARN_RANGE_LOOP_ANALYSIS = YES;
				CLANG_WARN_STRICT_PROTOTYPES = YES;
				CLANG_WARN_SUSPICIOUS_MOVE = YES;
				CLANG_WARN_UNGUARDED_AVAILABILITY = YES_AGGRESSIVE;
				CLANG_WARN_UNREACHABLE_CODE = YES;
				CLANG_WARN__DUPLICATE_METHOD_MATCH = YES;
				COPY_PHASE_STRIP = NO;
				DEBUG_INFORMATION_FORMAT = "dwarf-with-dsym";
				ENABLE_NS_ASSERTIONS = NO;
				ENABLE_STRICT_OBJC_MSGSEND = YES;
				GCC_C_LANGUAGE_STANDARD = gnu11;
				GCC_NO_COMMON_BLOCKS = YES;
				GCC_WARN_64_TO_32_BIT_CONVERSION = YES;
				GCC_WARN_ABOUT_RETURN_TYPE = YES_ERROR;
				GCC_WARN_UNDECLARED_SELECTOR = YES;
				GCC_WARN_UNINITIALIZED_AUTOS = YES_AGGRESSIVE;
				GCC_WARN_UNUSED_FUNCTION = YES;
				GCC_WARN_UNUSED_VARIABLE = YES;
				MTL_ENABLE_DEBUG_INFO = NO;
				MTL_FAST_MATH = YES;
				SWIFT_COMPILATION_MODE = wholemodule;
				SWIFT_OPTIMIZATION_LEVEL = "-O";
			};
			name = Release;
		};
		6403DE002A6A789000E681F8 /* Debug */ = {
			isa = XCBuildConfiguration;
			buildSettings = {
				ASSETCATALOG_COMPILER_APPICON_NAME = AppIcon;
				ASSETCATALOG_COMPILER_GLOBAL_ACCENT_COLOR_NAME = AccentColor;
				CODE_SIGN_ENTITLEMENTS = "13-swift-todo/_3_swift_todo.entitlements";
				CODE_SIGN_STYLE = Automatic;
				CURRENT_PROJECT_VERSION = 1;
				DEVELOPMENT_ASSET_PATHS = "\"13-swift-todo/Preview Content\"";
				ENABLE_PREVIEWS = YES;
				GENERATE_INFOPLIST_FILE = YES;
				"INFOPLIST_KEY_UIApplicationSceneManifest_Generation[sdk=iphoneos*]" = YES;
				"INFOPLIST_KEY_UIApplicationSceneManifest_Generation[sdk=iphonesimulator*]" = YES;
				"INFOPLIST_KEY_UIApplicationSupportsIndirectInputEvents[sdk=iphoneos*]" = YES;
				"INFOPLIST_KEY_UIApplicationSupportsIndirectInputEvents[sdk=iphonesimulator*]" = YES;
				"INFOPLIST_KEY_UILaunchScreen_Generation[sdk=iphoneos*]" = YES;
				"INFOPLIST_KEY_UILaunchScreen_Generation[sdk=iphonesimulator*]" = YES;
				"INFOPLIST_KEY_UIStatusBarStyle[sdk=iphoneos*]" = UIStatusBarStyleDefault;
				"INFOPLIST_KEY_UIStatusBarStyle[sdk=iphonesimulator*]" = UIStatusBarStyleDefault;
				INFOPLIST_KEY_UISupportedInterfaceOrientations = UIInterfaceOrientationPortrait;
				IPHONEOS_DEPLOYMENT_TARGET = 16.2;
				LD_RUNPATH_SEARCH_PATHS = "@executable_path/Frameworks";
				"LD_RUNPATH_SEARCH_PATHS[sdk=macosx*]" = "@executable_path/../Frameworks";
				MACOSX_DEPLOYMENT_TARGET = 12.6;
				MARKETING_VERSION = 1.0;
				PRODUCT_BUNDLE_IDENTIFIER = "ai.cherrypick.-3-swift-todo";
				PRODUCT_NAME = "$(TARGET_NAME)";
				SDKROOT = auto;
				SUPPORTED_PLATFORMS = "iphoneos iphonesimulator macosx";
				SWIFT_EMIT_LOC_STRINGS = YES;
				SWIFT_VERSION = 5.0;
				TARGETED_DEVICE_FAMILY = "1,2";
			};
			name = Debug;
		};
		6403DE012A6A789000E681F8 /* Release */ = {
			isa = XCBuildConfiguration;
			buildSettings = {
				ASSETCATALOG_COMPILER_APPICON_NAME = AppIcon;
				ASSETCATALOG_COMPILER_GLOBAL_ACCENT_COLOR_NAME = AccentColor;
				CODE_SIGN_ENTITLEMENTS = "13-swift-todo/_3_swift_todo.entitlements";
				CODE_SIGN_STYLE = Automatic;
				CURRENT_PROJECT_VERSION = 1;
				DEVELOPMENT_ASSET_PATHS = "\"13-swift-todo/Preview Content\"";
				ENABLE_PREVIEWS = YES;
				GENERATE_INFOPLIST_FILE = YES;
				"INFOPLIST_KEY_UIApplicationSceneManifest_Generation[sdk=iphoneos*]" = YES;
				"INFOPLIST_KEY_UIApplicationSceneManifest_Generation[sdk=iphonesimulator*]" = YES;
				"INFOPLIST_KEY_UIApplicationSupportsIndirectInputEvents[sdk=iphoneos*]" = YES;
				"INFOPLIST_KEY_UIApplicationSupportsIndirectInputEvents[sdk=iphonesimulator*]" = YES;
				"INFOPLIST_KEY_UILaunchScreen_Generation[sdk=iphoneos*]" = YES;
				"INFOPLIST_KEY_UILaunchScreen_Generation[sdk=iphonesimulator*]" = YES;
				"INFOPLIST_KEY_UIStatusBarStyle[sdk=iphoneos*]" = UIStatusBarStyleDefault;
				"INFOPLIST_KEY_UIStatusBarStyle[sdk=iphonesimulator*]" = UIStatusBarStyleDefault;
				INFOPLIST_KEY_UISupportedInterfaceOrientations = UIInterfaceOrientationPortrait;
				IPHONEOS_DEPLOYMENT_TARGET = 16.2;
				LD_RUNPATH_SEARCH_PATHS = "@executable_path/Frameworks";
				"LD_RUNPATH_SEARCH_PATHS[sdk=macosx*]" = "@executable_path/../Frameworks";
				MACOSX_DEPLOYMENT_TARGET = 12.6;
				MARKETING_VERSION = 1.0;
				PRODUCT_BUNDLE_IDENTIFIER = "ai.cherrypick.-3-swift-todo";
				PRODUCT_NAME = "$(TARGET_NAME)";
				SDKROOT = auto;
				SUPPORTED_PLATFORMS = "iphoneos iphonesimulator macosx";
				SWIFT_EMIT_LOC_STRINGS = YES;
				SWIFT_VERSION = 5.0;
				TARGETED_DEVICE_FAMILY = "1,2";
			};
			name = Release;
		};
/* End XCBuildConfiguration section */

/* Begin XCConfigurationList section */
		6403DDEB2A6A788E00E681F8 /* Build configuration list for PBXProject "13-swift-todo" */ = {
			isa = XCConfigurationList;
			buildConfigurations = (
				6403DDFD2A6A789000E681F8 /* Debug */,
				6403DDFE2A6A789000E681F8 /* Release */,
			);
			defaultConfigurationIsVisible = 0;
			defaultConfigurationName = Release;
		};
		6403DDFF2A6A789000E681F8 /* Build configuration list for PBXNativeTarget "13-swift-todo" */ = {
			isa = XCConfigurationList;
			buildConfigurations = (
				6403DE002A6A789000E681F8 /* Debug */,
				6403DE012A6A789000E681F8 /* Release */,
			);
			defaultConfigurationIsVisible = 0;
			defaultConfigurationName = Release;
		};
/* End XCConfigurationList section */

/* Begin XCRemoteSwiftPackageReference section */
		6403DE022A6A7A0600E681F8 /* XCRemoteSwiftPackageReference "firebase-ios-sdk" */ = {
			isa = XCRemoteSwiftPackageReference;
			repositoryURL = "https://github.com/firebase/firebase-ios-sdk";
			requirement = {
				branch = master;
				kind = branch;
			};
		};
/* End XCRemoteSwiftPackageReference section */

/* Begin XCSwiftPackageProductDependency section */
		6403DE032A6A7A0600E681F8 /* FirebaseAuth */ = {
			isa = XCSwiftPackageProductDependency;
			package = 6403DE022A6A7A0600E681F8 /* XCRemoteSwiftPackageReference "firebase-ios-sdk" */;
			productName = FirebaseAuth;
		};
		6403DE052A6A7A0600E681F8 /* FirebaseFirestore */ = {
			isa = XCSwiftPackageProductDependency;
			package = 6403DE022A6A7A0600E681F8 /* XCRemoteSwiftPackageReference "firebase-ios-sdk" */;
			productName = FirebaseFirestore;
		};
		6403DE072A6A7A0600E681F8 /* FirebaseFirestoreSwift */ = {
			isa = XCSwiftPackageProductDependency;
			package = 6403DE022A6A7A0600E681F8 /* XCRemoteSwiftPackageReference "firebase-ios-sdk" */;
			productName = FirebaseFirestoreSwift;
		};
/* End XCSwiftPackageProductDependency section */
	};
	rootObject = 6403DDE82A6A788E00E681F8 /* Project object */;
}
